
Microsoft Visual Studio Solution File, Format Version 12.00
# Visual Studio Version 17
VisualStudioVersion = 17.11.35312.102
MinimumVisualStudioVersion = 10.0.40219.1
Project("{9A19103F-16F7-4668-BE54-9A1E7A4F7556}") = "WriteAndErase", "UP2\WriteAndErase.csproj", "{0E76735A-F4F1-417B-A0E7-8FD41044A7FD}"
EndProject
Global
	GlobalSection(SolutionConfigurationPlatforms) = preSolution
		Debug|Any CPU = Debug|Any CPU
		Release|Any CPU = Release|Any CPU
	EndGlobalSection
	GlobalSection(ProjectConfigurationPlatforms) = postSolution
		{0E76735A-F4F1-417B-A0E7-8FD41044A7FD}.Debug|Any CPU.ActiveCfg = Debug|Any CPU
		{0E76735A-F4F1-417B-A0E7-8FD41044A7FD}.Debug|Any CPU.Build.0 = Debug|Any CPU
		{0E76735A-F4F1-417B-A0E7-8FD41044A7FD}.Release|Any CPU.ActiveCfg = Release|Any CPU
		{0E76735A-F4F1-417B-A0E7-8FD41044A7FD}.Release|Any CPU.Build.0 = Release|Any CPU
	EndGlobalSection
	GlobalSection(SolutionProperties) = preSolution
		HideSolutionNode = FALSE
	EndGlobalSection
	GlobalSection(ExtensibilityGlobals) = postSolution
		SolutionGuid = {D1FE97D2-F26B-4EA2-A221-03D0F1C83D17}
	EndGlobalSection
EndGlobal
