
Microsoft Visual Studio Solution File, Format Version 12.00
# Visual Studio Version 17
VisualStudioVersion = 17.11.35312.102
MinimumVisualStudioVersion = 10.0.40219.1
Project("{FAE04EC0-301F-11D3-BF4B-00C04F79EFBC}") = "SF2022User{NN}Lib", "ClassLibrary1\SF2022User{NN}Lib.csproj", "{302D2910-F77D-481F-ACDF-DA55D2E2F7BE}"
EndProject
Project("{FAE04EC0-301F-11D3-BF4B-00C04F79EFBC}") = "TestProject1", "TestProject1\TestProject1.csproj", "{FDF7CCBE-1C8F-4E77-9FE8-BEFCCE6788A0}"
EndProject
Global
	GlobalSection(SolutionConfigurationPlatforms) = preSolution
		Debug|Any CPU = Debug|Any CPU
		Release|Any CPU = Release|Any CPU
	EndGlobalSection
	GlobalSection(ProjectConfigurationPlatforms) = postSolution
		{302D2910-F77D-481F-ACDF-DA55D2E2F7BE}.Debug|Any CPU.ActiveCfg = Debug|Any CPU
		{302D2910-F77D-481F-ACDF-DA55D2E2F7BE}.Debug|Any CPU.Build.0 = Debug|Any CPU
		{302D2910-F77D-481F-ACDF-DA55D2E2F7BE}.Release|Any CPU.ActiveCfg = Release|Any CPU
		{302D2910-F77D-481F-ACDF-DA55D2E2F7BE}.Release|Any CPU.Build.0 = Release|Any CPU
		{FDF7CCBE-1C8F-4E77-9FE8-BEFCCE6788A0}.Debug|Any CPU.ActiveCfg = Debug|Any CPU
		{FDF7CCBE-1C8F-4E77-9FE8-BEFCCE6788A0}.Debug|Any CPU.Build.0 = Debug|Any CPU
		{FDF7CCBE-1C8F-4E77-9FE8-BEFCCE6788A0}.Release|Any CPU.ActiveCfg = Release|Any CPU
		{FDF7CCBE-1C8F-4E77-9FE8-BEFCCE6788A0}.Release|Any CPU.Build.0 = Release|Any CPU
	EndGlobalSection
	GlobalSection(SolutionProperties) = preSolution
		HideSolutionNode = FALSE
	EndGlobalSection
	GlobalSection(ExtensibilityGlobals) = postSolution
		SolutionGuid = {B504DDA0-B052-42C3-BC01-FC737494567A}
	EndGlobalSection
EndGlobal
